// !$*UTF8*$!
{
	archiveVersion = 1;
	classes = {
	};
	objectVersion = 46;
	objects = {

/* Begin PBXBuildFile section */
		D0D8DFDC1BA44814005EF19E /* AppDelegate.swift in Sources */ = {isa = PBXBuildFile; fileRef = D0D8DFDB1BA44814005EF19E /* AppDelegate.swift */; };
		D0D8DFDE1BA44814005EF19E /* GameScene.sks in Resources */ = {isa = PBXBuildFile; fileRef = D0D8DFDD1BA44814005EF19E /* GameScene.sks */; };
		D0D8DFE01BA44814005EF19E /* GameScene.swift in Sources */ = {isa = PBXBuildFile; fileRef = D0D8DFDF1BA44814005EF19E /* GameScene.swift */; };
		D0D8DFE21BA44814005EF19E /* GameViewController.swift in Sources */ = {isa = PBXBuildFile; fileRef = D0D8DFE11BA44814005EF19E /* GameViewController.swift */; };
		D0D8DFE51BA44814005EF19E /* Main.storyboard in Resources */ = {isa = PBXBuildFile; fileRef = D0D8DFE31BA44814005EF19E /* Main.storyboard */; };
		D0D8DFE71BA44814005EF19E /* Assets.xcassets in Resources */ = {isa = PBXBuildFile; fileRef = D0D8DFE61BA44814005EF19E /* Assets.xcassets */; };
		D0D8DFEA1BA44814005EF19E /* LaunchScreen.storyboard in Resources */ = {isa = PBXBuildFile; fileRef = D0D8DFE81BA44814005EF19E /* LaunchScreen.storyboard */; };
		D0D8DFF51BA44814005EF19E /* MyGameTests.swift in Sources */ = {isa = PBXBuildFile; fileRef = D0D8DFF41BA44814005EF19E /* MyGameTests.swift */; };
		D0D8E0001BA44814005EF19E /* MyGameUITests.swift in Sources */ = {isa = PBXBuildFile; fileRef = D0D8DFFF1BA44814005EF19E /* MyGameUITests.swift */; };
/* End PBXBuildFile section */

/* Begin PBXContainerItemProxy section */
		D0D8DFF11BA44814005EF19E /* PBXContainerItemProxy */ = {
			isa = PBXContainerItemProxy;
			containerPortal = D0D8DFD01BA44814005EF19E /* Project object */;
			proxyType = 1;
			remoteGlobalIDString = D0D8DFD71BA44814005EF19E;
			remoteInfo = MyGame;
		};
		D0D8DFFC1BA44814005EF19E /* PBXContainerItemProxy */ = {
			isa = PBXContainerItemProxy;
			containerPortal = D0D8DFD01BA44814005EF19E /* Project object */;
			proxyType = 1;
			remoteGlobalIDString = D0D8DFD71BA44814005EF19E;
			remoteInfo = MyGame;
		};
/* End PBXContainerItemProxy section */

/* Begin PBXFileReference section */
		D0D8DFD81BA44814005EF19E /* MyGame.app */ = {isa = PBXFileReference; explicitFileType = wrapper.application; includeInIndex = 0; path = MyGame.app; sourceTree = BUILT_PRODUCTS_DIR; };
		D0D8DFDB1BA44814005EF19E /* AppDelegate.swift */ = {isa = PBXFileReference; lastKnownFileType = sourcecode.swift; path = AppDelegate.swift; sourceTree = "<group>"; };
		D0D8DFDD1BA44814005EF19E /* GameScene.sks */ = {isa = PBXFileReference; lastKnownFileType = file.sks; path = GameScene.sks; sourceTree = "<group>"; };
		D0D8DFDF1BA44814005EF19E /* GameScene.swift */ = {isa = PBXFileReference; lastKnownFileType = sourcecode.swift; path = GameScene.swift; sourceTree = "<group>"; };
		D0D8DFE11BA44814005EF19E /* GameViewController.swift */ = {isa = PBXFileReference; lastKnownFileType = sourcecode.swift; path = GameViewController.swift; sourceTree = "<group>"; };
		D0D8DFE41BA44814005EF19E /* Base */ = {isa = PBXFileReference; lastKnownFileType = file.storyboard; name = Base; path = Base.lproj/Main.storyboard; sourceTree = "<group>"; };
		D0D8DFE61BA44814005EF19E /* Assets.xcassets */ = {isa = PBXFileReference; lastKnownFileType = folder.assetcatalog; path = Assets.xcassets; sourceTree = "<group>"; };
		D0D8DFE91BA44814005EF19E /* Base */ = {isa = PBXFileReference; lastKnownFileType = file.storyboard; name = Base; path = Base.lproj/LaunchScreen.storyboard; sourceTree = "<group>"; };
		D0D8DFEB1BA44814005EF19E /* Info.plist */ = {isa = PBXFileReference; lastKnownFileType = text.plist.xml; path = Info.plist; sourceTree = "<group>"; };
		D0D8DFF01BA44814005EF19E /* MyGameTests.xctest */ = {isa = PBXFileReference; explicitFileType = wrapper.cfbundle; includeInIndex = 0; path = MyGameTests.xctest; sourceTree = BUILT_PRODUCTS_DIR; };
		D0D8DFF41BA44814005EF19E /* MyGameTests.swift */ = {isa = PBXFileReference; lastKnownFileType = sourcecode.swift; path = MyGameTests.swift; sourceTree = "<group>"; };
		D0D8DFF61BA44814005EF19E /* Info.plist */ = {isa = PBXFileReference; lastKnownFileType = text.plist.xml; path = Info.plist; sourceTree = "<group>"; };
		D0D8DFFB1BA44814005EF19E /* MyGameUITests.xctest */ = {isa = PBXFileReference; explicitFileType = wrapper.cfbundle; includeInIndex = 0; path = MyGameUITests.xctest; sourceTree = BUILT_PRODUCTS_DIR; };
		D0D8DFFF1BA44814005EF19E /* MyGameUITests.swift */ = {isa = PBXFileReference; lastKnownFileType = sourcecode.swift; path = MyGameUITests.swift; sourceTree = "<group>"; };
		D0D8E0011BA44814005EF19E /* Info.plist */ = {isa = PBXFileReference; lastKnownFileType = text.plist.xml; path = Info.plist; sourceTree = "<group>"; };
/* End PBXFileReference section */

/* Begin PBXFrameworksBuildPhase section */
		D0D8DFD51BA44814005EF19E /* Frameworks */ = {
			isa = PBXFrameworksBuildPhase;
			buildActionMask = 2147483647;
			files = (
			);
			runOnlyForDeploymentPostprocessing = 0;
		};
		D0D8DFED1BA44814005EF19E /* Frameworks */ = {
			isa = PBXFrameworksBuildPhase;
			buildActionMask = 2147483647;
			files = (
			);
			runOnlyForDeploymentPostprocessing = 0;
		};
		D0D8DFF81BA44814005EF19E /* Frameworks */ = {
			isa = PBXFrameworksBuildPhase;
			buildActionMask = 2147483647;
			files = (
			);
			runOnlyForDeploymentPostprocessing = 0;
		};
/* End PBXFrameworksBuildPhase section */

/* Begin PBXGroup section */
		D0D8DFCF1BA44814005EF19E = {
			isa = PBXGroup;
			children = (
				D0D8DFDA1BA44814005EF19E /* MyGame */,
				D0D8DFF31BA44814005EF19E /* MyGameTests */,
				D0D8DFFE1BA44814005EF19E /* MyGameUITests */,
				D0D8DFD91BA44814005EF19E /* Products */,
			);
			sourceTree = "<group>";
		};
		D0D8DFD91BA44814005EF19E /* Products */ = {
			isa = PBXGroup;
			children = (
				D0D8DFD81BA44814005EF19E /* MyGame.app */,
				D0D8DFF01BA44814005EF19E /* MyGameTests.xctest */,
				D0D8DFFB1BA44814005EF19E /* MyGameUITests.xctest */,
			);
			name = Products;
			sourceTree = "<group>";
		};
		D0D8DFDA1BA44814005EF19E /* MyGame */ = {
			isa = PBXGroup;
			children = (
				D0D8DFDB1BA44814005EF19E /* AppDelegate.swift */,
				D0D8DFDD1BA44814005EF19E /* GameScene.sks */,
				D0D8DFDF1BA44814005EF19E /* GameScene.swift */,
				D0D8DFE11BA44814005EF19E /* GameViewController.swift */,
				D0D8DFE31BA44814005EF19E /* Main.storyboard */,
				D0D8DFE61BA44814005EF19E /* Assets.xcassets */,
				D0D8DFE81BA44814005EF19E /* LaunchScreen.storyboard */,
				D0D8DFEB1BA44814005EF19E /* Info.plist */,
			);
			path = MyGame;
			sourceTree = "<group>";
		};
		D0D8DFF31BA44814005EF19E /* MyGameTests */ = {
			isa = PBXGroup;
			children = (
				D0D8DFF41BA44814005EF19E /* MyGameTests.swift */,
				D0D8DFF61BA44814005EF19E /* Info.plist */,
			);
			path = MyGameTests;
			sourceTree = "<group>";
		};
		D0D8DFFE1BA44814005EF19E /* MyGameUITests */ = {
			isa = PBXGroup;
			children = (
				D0D8DFFF1BA44814005EF19E /* MyGameUITests.swift */,
				D0D8E0011BA44814005EF19E /* Info.plist */,
			);
			path = MyGameUITests;
			sourceTree = "<group>";
		};
/* End PBXGroup section */

/* Begin PBXNativeTarget section */
		D0D8DFD71BA44814005EF19E /* MyGame */ = {
			isa = PBXNativeTarget;
			buildConfigurationList = D0D8E0041BA44814005EF19E /* Build configuration list for PBXNativeTarget "MyGame" */;
			buildPhases = (
				D0D8DFD41BA44814005EF19E /* Sources */,
				D0D8DFD51BA44814005EF19E /* Frameworks */,
				D0D8DFD61BA44814005EF19E /* Resources */,
			);
			buildRules = (
			);
			dependencies = (
			);
			name = MyGame;
			productName = MyGame;
			productReference = D0D8DFD81BA44814005EF19E /* MyGame.app */;
			productType = "com.apple.product-type.application";
		};
		D0D8DFEF1BA44814005EF19E /* MyGameTests */ = {
			isa = PBXNativeTarget;
			buildConfigurationList = D0D8E0071BA44814005EF19E /* Build configuration list for PBXNativeTarget "MyGameTests" */;
			buildPhases = (
				D0D8DFEC1BA44814005EF19E /* Sources */,
				D0D8DFED1BA44814005EF19E /* Frameworks */,
				D0D8DFEE1BA44814005EF19E /* Resources */,
			);
			buildRules = (
			);
			dependencies = (
				D0D8DFF21BA44814005EF19E /* PBXTargetDependency */,
			);
			name = MyGameTests;
			productName = MyGameTests;
			productReference = D0D8DFF01BA44814005EF19E /* MyGameTests.xctest */;
			productType = "com.apple.product-type.bundle.unit-test";
		};
		D0D8DFFA1BA44814005EF19E /* MyGameUITests */ = {
			isa = PBXNativeTarget;
			buildConfigurationList = D0D8E00A1BA44814005EF19E /* Build configuration list for PBXNativeTarget "MyGameUITests" */;
			buildPhases = (
				D0D8DFF71BA44814005EF19E /* Sources */,
				D0D8DFF81BA44814005EF19E /* Frameworks */,
				D0D8DFF91BA44814005EF19E /* Resources */,
			);
			buildRules = (
			);
			dependencies = (
				D0D8DFFD1BA44814005EF19E /* PBXTargetDependency */,
			);
			name = MyGameUITests;
			productName = MyGameUITests;
			productReference = D0D8DFFB1BA44814005EF19E /* MyGameUITests.xctest */;
			productType = "com.apple.product-type.bundle.ui-testing";
		};
/* End PBXNativeTarget section */

/* Begin PBXProject section */
		D0D8DFD01BA44814005EF19E /* Project object */ = {
			isa = PBXProject;
			attributes = {
				LastUpgradeCheck = 0700;
				ORGANIZATIONNAME = "Justin Bleuel";
				TargetAttributes = {
					D0D8DFD71BA44814005EF19E = {
						CreatedOnToolsVersion = 7.0;
					};
					D0D8DFEF1BA44814005EF19E = {
						CreatedOnToolsVersion = 7.0;
						TestTargetID = D0D8DFD71BA44814005EF19E;
					};
					D0D8DFFA1BA44814005EF19E = {
						CreatedOnToolsVersion = 7.0;
						TestTargetID = D0D8DFD71BA44814005EF19E;
					};
				};
			};
			buildConfigurationList = D0D8DFD31BA44814005EF19E /* Build configuration list for PBXProject "MyGame" */;
			compatibilityVersion = "Xcode 3.2";
			developmentRegion = English;
			hasScannedForEncodings = 0;
			knownRegions = (
				en,
				Base,
			);
			mainGroup = D0D8DFCF1BA44814005EF19E;
			productRefGroup = D0D8DFD91BA44814005EF19E /* Products */;
			projectDirPath = "";
			projectRoot = "";
			targets = (
				D0D8DFD71BA44814005EF19E /* MyGame */,
				D0D8DFEF1BA44814005EF19E /* MyGameTests */,
				D0D8DFFA1BA44814005EF19E /* MyGameUITests */,
			);
		};
/* End PBXProject section */

/* Begin PBXResourcesBuildPhase section */
		D0D8DFD61BA44814005EF19E /* Resources */ = {
			isa = PBXResourcesBuildPhase;
			buildActionMask = 2147483647;
			files = (
				D0D8DFDE1BA44814005EF19E /* GameScene.sks in Resources */,
				D0D8DFEA1BA44814005EF19E /* LaunchScreen.storyboard in Resources */,
				D0D8DFE71BA44814005EF19E /* Assets.xcassets in Resources */,
				D0D8DFE51BA44814005EF19E /* Main.storyboard in Resources */,
			);
			runOnlyForDeploymentPostprocessing = 0;
		};
		D0D8DFEE1BA44814005EF19E /* Resources */ = {
			isa = PBXResourcesBuildPhase;
			buildActionMask = 2147483647;
			files = (
			);
			runOnlyForDeploymentPostprocessing = 0;
		};
		D0D8DFF91BA44814005EF19E /* Resources */ = {
			isa = PBXResourcesBuildPhase;
			buildActionMask = 2147483647;
			files = (
			);
			runOnlyForDeploymentPostprocessing = 0;
		};
/* End PBXResourcesBuildPhase section */

/* Begin PBXSourcesBuildPhase section */
		D0D8DFD41BA44814005EF19E /* Sources */ = {
			isa = PBXSourcesBuildPhase;
			buildActionMask = 2147483647;
			files = (
				D0D8DFE01BA44814005EF19E /* GameScene.swift in Sources */,
				D0D8DFE21BA44814005EF19E /* GameViewController.swift in Sources */,
				D0D8DFDC1BA44814005EF19E /* AppDelegate.swift in Sources */,
			);
			runOnlyForDeploymentPostprocessing = 0;
		};
		D0D8DFEC1BA44814005EF19E /* Sources */ = {
			isa = PBXSourcesBuildPhase;
			buildActionMask = 2147483647;
			files = (
				D0D8DFF51BA44814005EF19E /* MyGameTests.swift in Sources */,
			);
			runOnlyForDeploymentPostprocessing = 0;
		};
		D0D8DFF71BA44814005EF19E /* Sources */ = {
			isa = PBXSourcesBuildPhase;
			buildActionMask = 2147483647;
			files = (
				D0D8E0001BA44814005EF19E /* MyGameUITests.swift in Sources */,
			);
			runOnlyForDeploymentPostprocessing = 0;
		};
/* End PBXSourcesBuildPhase section */

/* Begin PBXTargetDependency section */
		D0D8DFF21BA44814005EF19E /* PBXTargetDependency */ = {
			isa = PBXTargetDependency;
			target = D0D8DFD71BA44814005EF19E /* MyGame */;
			targetProxy = D0D8DFF11BA44814005EF19E /* PBXContainerItemProxy */;
		};
		D0D8DFFD1BA44814005EF19E /* PBXTargetDependency */ = {
			isa = PBXTargetDependency;
			target = D0D8DFD71BA44814005EF19E /* MyGame */;
			targetProxy = D0D8DFFC1BA44814005EF19E /* PBXContainerItemProxy */;
		};
/* End PBXTargetDependency section */

/* Begin PBXVariantGroup section */
		D0D8DFE31BA44814005EF19E /* Main.storyboard */ = {
			isa = PBXVariantGroup;
			children = (
				D0D8DFE41BA44814005EF19E /* Base */,
			);
			name = Main.storyboard;
			sourceTree = "<group>";
		};
		D0D8DFE81BA44814005EF19E /* LaunchScreen.storyboard */ = {
			isa = PBXVariantGroup;
			children = (
				D0D8DFE91BA44814005EF19E /* Base */,
			);
			name = LaunchScreen.storyboard;
			sourceTree = "<group>";
		};
/* End PBXVariantGroup section */

/* Begin XCBuildConfiguration section */
		D0D8E0021BA44814005EF19E /* Debug */ = {
			isa = XCBuildConfiguration;
			buildSettings = {
				ALWAYS_SEARCH_USER_PATHS = NO;
				CLANG_CXX_LANGUAGE_STANDARD = "gnu++0x";
				CLANG_CXX_LIBRARY = "libc++";
				CLANG_ENABLE_MODULES = YES;
				CLANG_ENABLE_OBJC_ARC = YES;
				CLANG_WARN_BOOL_CONVERSION = YES;
				CLANG_WARN_CONSTANT_CONVERSION = YES;
				CLANG_WARN_DIRECT_OBJC_ISA_USAGE = YES_ERROR;
				CLANG_WARN_EMPTY_BODY = YES;
				CLANG_WARN_ENUM_CONVERSION = YES;
				CLANG_WARN_INT_CONVERSION = YES;
				CLANG_WARN_OBJC_ROOT_CLASS = YES_ERROR;
				CLANG_WARN_UNREACHABLE_CODE = YES;
				CLANG_WARN__DUPLICATE_METHOD_MATCH = YES;
				"CODE_SIGN_IDENTITY[sdk=iphoneos*]" = "iPhone Developer";
				COPY_PHASE_STRIP = NO;
				DEBUG_INFORMATION_FORMAT = "dwarf-with-dsym";
				ENABLE_STRICT_OBJC_MSGSEND = YES;
				ENABLE_TESTABILITY = YES;
				GCC_C_LANGUAGE_STANDARD = gnu99;
				GCC_DYNAMIC_NO_PIC = NO;
				GCC_NO_COMMON_BLOCKS = YES;
				GCC_OPTIMIZATION_LEVEL = 0;
				GCC_PREPROCESSOR_DEFINITIONS = (
					"DEBUG=1",
					"$(inherited)",
				);
				GCC_WARN_64_TO_32_BIT_CONVERSION = YES;
				GCC_WARN_ABOUT_RETURN_TYPE = YES_ERROR;
				GCC_WARN_UNDECLARED_SELECTOR = YES;
				GCC_WARN_UNINITIALIZED_AUTOS = YES_AGGRESSIVE;
				GCC_WARN_UNUSED_FUNCTION = YES;
				GCC_WARN_UNUSED_VARIABLE = YES;
				IPHONEOS_DEPLOYMENT_TARGET = 9.0;
				MTL_ENABLE_DEBUG_INFO = YES;
				ONLY_ACTIVE_ARCH = YES;
				SDKROOT = iphoneos;
				SWIFT_OPTIMIZATION_LEVEL = "-Onone";
				TARGETED_DEVICE_FAMILY = "1,2";
			};
			name = Debug;
		};
		D0D8E0031BA44814005EF19E /* Release */ = {
			isa = XCBuildConfiguration;
			buildSettings = {
				ALWAYS_SEARCH_USER_PATHS = NO;
				CLANG_CXX_LANGUAGE_STANDARD = "gnu++0x";
				CLANG_CXX_LIBRARY = "libc++";
				CLANG_ENABLE_MODULES = YES;
				CLANG_ENABLE_OBJC_ARC = YES;
				CLANG_WARN_BOOL_CONVERSION = YES;
				CLANG_WARN_CONSTANT_CONVERSION = YES;
				CLANG_WARN_DIRECT_OBJC_ISA_USAGE = YES_ERROR;
				CLANG_WARN_EMPTY_BODY = YES;
				CLANG_WARN_ENUM_CONVERSION = YES;
				CLANG_WARN_INT_CONVERSION = YES;
				CLANG_WARN_OBJC_ROOT_CLASS = YES_ERROR;
				CLANG_WARN_UNREACHABLE_CODE = YES;
				CLANG_WARN__DUPLICATE_METHOD_MATCH = YES;
				"CODE_SIGN_IDENTITY[sdk=iphoneos*]" = "iPhone Developer";
				COPY_PHASE_STRIP = NO;
				DEBUG_INFORMATION_FORMAT = "dwarf-with-dsym";
				ENABLE_NS_ASSERTIONS = NO;
				ENABLE_STRICT_OBJC_MSGSEND = YES;
				GCC_C_LANGUAGE_STANDARD = gnu99;
				GCC_NO_COMMON_BLOCKS = YES;
				GCC_WARN_64_TO_32_BIT_CONVERSION = YES;
				GCC_WARN_ABOUT_RETURN_TYPE = YES_ERROR;
				GCC_WARN_UNDECLARED_SELECTOR = YES;
				GCC_WARN_UNINITIALIZED_AUTOS = YES_AGGRESSIVE;
				GCC_WARN_UNUSED_FUNCTION = YES;
				GCC_WARN_UNUSED_VARIABLE = YES;
				IPHONEOS_DEPLOYMENT_TARGET = 9.0;
				MTL_ENABLE_DEBUG_INFO = NO;
				SDKROOT = iphoneos;
				TARGETED_DEVICE_FAMILY = "1,2";
				VALIDATE_PRODUCT = YES;
			};
			name = Release;
		};
		D0D8E0051BA44814005EF19E /* Debug */ = {
			isa = XCBuildConfiguration;
			buildSettings = {
				ASSETCATALOG_COMPILER_APPICON_NAME = AppIcon;
				INFOPLIST_FILE = MyGame/Info.plist;
				LD_RUNPATH_SEARCH_PATHS = "$(inherited) @executable_path/Frameworks";
				PRODUCT_BUNDLE_IDENTIFIER = com.example.MyGame;
				PRODUCT_NAME = "$(TARGET_NAME)";
			};
			name = Debug;
		};
		D0D8E0061BA44814005EF19E /* Release */ = {
			isa = XCBuildConfiguration;
			buildSettings = {
				ASSETCATALOG_COMPILER_APPICON_NAME = AppIcon;
				INFOPLIST_FILE = MyGame/Info.plist;
				LD_RUNPATH_SEARCH_PATHS = "$(inherited) @executable_path/Frameworks";
				PRODUCT_BUNDLE_IDENTIFIER = com.example.MyGame;
				PRODUCT_NAME = "$(TARGET_NAME)";
			};
			name = Release;
		};
		D0D8E0081BA44814005EF19E /* Debug */ = {
			isa = XCBuildConfiguration;
			buildSettings = {
				BUNDLE_LOADER = "$(TEST_HOST)";
				DEBUG_INFORMATION_FORMAT = dwarf;
				INFOPLIST_FILE = MyGameTests/Info.plist;
				LD_RUNPATH_SEARCH_PATHS = "$(inherited) @executable_path/Frameworks @loader_path/Frameworks";
				PRODUCT_BUNDLE_IDENTIFIER = com.example.MyGameTests;
				PRODUCT_NAME = "$(TARGET_NAME)";
				TEST_HOST = "$(BUILT_PRODUCTS_DIR)/MyGame.app/MyGame";
			};
			name = Debug;
		};
		D0D8E0091BA44814005EF19E /* Release */ = {
			isa = XCBuildConfiguration;
			buildSettings = {
				BUNDLE_LOADER = "$(TEST_HOST)";
				INFOPLIST_FILE = MyGameTests/Info.plist;
				LD_RUNPATH_SEARCH_PATHS = "$(inherited) @executable_path/Frameworks @loader_path/Frameworks";
				PRODUCT_BUNDLE_IDENTIFIER = com.example.MyGameTests;
				PRODUCT_NAME = "$(TARGET_NAME)";
				TEST_HOST = "$(BUILT_PRODUCTS_DIR)/MyGame.app/MyGame";
			};
			name = Release;
		};
		D0D8E00B1BA44814005EF19E /* Debug */ = {
			isa = XCBuildConfiguration;
			buildSettings = {
				DEBUG_INFORMATION_FORMAT = dwarf;
				INFOPLIST_FILE = MyGameUITests/Info.plist;
				LD_RUNPATH_SEARCH_PATHS = "$(inherited) @executable_path/Frameworks @loader_path/Frameworks";
				PRODUCT_BUNDLE_IDENTIFIER = com.example.MyGameUITests;
				PRODUCT_NAME = "$(TARGET_NAME)";
				TEST_TARGET_NAME = MyGame;
				USES_XCTRUNNER = YES;
			};
			name = Debug;
		};
		D0D8E00C1BA44814005EF19E /* Release */ = {
			isa = XCBuildConfiguration;
			buildSettings = {
				INFOPLIST_FILE = MyGameUITests/Info.plist;
				LD_RUNPATH_SEARCH_PATHS = "$(inherited) @executable_path/Frameworks @loader_path/Frameworks";
				PRODUCT_BUNDLE_IDENTIFIER = com.example.MyGameUITests;
				PRODUCT_NAME = "$(TARGET_NAME)";
				TEST_TARGET_NAME = MyGame;
				USES_XCTRUNNER = YES;
			};
			name = Release;
		};
/* End XCBuildConfiguration section */

/* Begin XCConfigurationList section */
		D0D8DFD31BA44814005EF19E /* Build configuration list for PBXProject "MyGame" */ = {
			isa = XCConfigurationList;
			buildConfigurations = (
				D0D8E0021BA44814005EF19E /* Debug */,
				D0D8E0031BA44814005EF19E /* Release */,
			);
			defaultConfigurationIsVisible = 0;
			defaultConfigurationName = Release;
		};
		D0D8E0041BA44814005EF19E /* Build configuration list for PBXNativeTarget "MyGame" */ = {
			isa = XCConfigurationList;
			buildConfigurations = (
				D0D8E0051BA44814005EF19E /* Debug */,
				D0D8E0061BA44814005EF19E /* Release */,
			);
			defaultConfigurationIsVisible = 0;
		};
		D0D8E0071BA44814005EF19E /* Build configuration list for PBXNativeTarget "MyGameTests" */ = {
			isa = XCConfigurationList;
			buildConfigurations = (
				D0D8E0081BA44814005EF19E /* Debug */,
				D0D8E0091BA44814005EF19E /* Release */,
			);
			defaultConfigurationIsVisible = 0;
		};
		D0D8E00A1BA44814005EF19E /* Build configuration list for PBXNativeTarget "MyGameUITests" */ = {
			isa = XCConfigurationList;
			buildConfigurations = (
				D0D8E00B1BA44814005EF19E /* Debug */,
				D0D8E00C1BA44814005EF19E /* Release */,
			);
			defaultConfigurationIsVisible = 0;
		};
/* End XCConfigurationList section */
	};
	rootObject = D0D8DFD01BA44814005EF19E /* Project object */;
}
